// !$*UTF8*$!
{
	archiveVersion = 1;
	classes = {
	};
	objectVersion = 50;
	objects = {

/* Begin PBXBuildFile section */
		4E305AC824F6710F0076C30F /* AppDelegate.swift in Sources */ = {isa = PBXBuildFile; fileRef = 4E305AC724F6710F0076C30F /* AppDelegate.swift */; };
		4E305ACA24F6710F0076C30F /* SceneDelegate.swift in Sources */ = {isa = PBXBuildFile; fileRef = 4E305AC924F6710F0076C30F /* SceneDelegate.swift */; };
		4E305ACC24F6710F0076C30F /* LibraryViewController.swift in Sources */ = {isa = PBXBuildFile; fileRef = 4E305ACB24F6710F0076C30F /* LibraryViewController.swift */; };
		4E305ACF24F6710F0076C30F /* Main.storyboard in Resources */ = {isa = PBXBuildFile; fileRef = 4E305ACD24F6710F0076C30F /* Main.storyboard */; };
		4E305AD124F671100076C30F /* Assets.xcassets in Resources */ = {isa = PBXBuildFile; fileRef = 4E305AD024F671100076C30F /* Assets.xcassets */; };
		4E305AD424F671100076C30F /* LaunchScreen.storyboard in Resources */ = {isa = PBXBuildFile; fileRef = 4E305AD224F671100076C30F /* LaunchScreen.storyboard */; };
		4E305ADF24F671100076C30F /* SoundyTests.swift in Sources */ = {isa = PBXBuildFile; fileRef = 4E305ADE24F671100076C30F /* SoundyTests.swift */; };
		4E467CD924F68C9D008706CC /* LibraryViewModel.swift in Sources */ = {isa = PBXBuildFile; fileRef = 4E467CD824F68C9D008706CC /* LibraryViewModel.swift */; };
		4E467CDC24F69595008706CC /* State.swift in Sources */ = {isa = PBXBuildFile; fileRef = 4E467CDB24F69595008706CC /* State.swift */; };
		4E467CDE24F718E5008706CC /* AlbumCollectionViewCell.swift in Sources */ = {isa = PBXBuildFile; fileRef = 4E467CDD24F718E5008706CC /* AlbumCollectionViewCell.swift */; };
		4E467CE024F718F3008706CC /* AlbumCollectionViewCell.xib in Resources */ = {isa = PBXBuildFile; fileRef = 4E467CDF24F718F3008706CC /* AlbumCollectionViewCell.xib */; };
		4EC06EB724F71A070003077C /* LibraryView.swift in Sources */ = {isa = PBXBuildFile; fileRef = 4EC06EB624F71A070003077C /* LibraryView.swift */; };
		4EC06EB924F71FE80003077C /* ArtistTableViewCell.swift in Sources */ = {isa = PBXBuildFile; fileRef = 4EC06EB824F71FE80003077C /* ArtistTableViewCell.swift */; };
		4EC06EBC24F720060003077C /* ArtistTableViewCell.xib in Resources */ = {isa = PBXBuildFile; fileRef = 4EC06EBB24F720060003077C /* ArtistTableViewCell.xib */; };
		4EEFE67124F7CC1000568C0D /* Array.swift in Sources */ = {isa = PBXBuildFile; fileRef = 4EEFE67024F7CC1000568C0D /* Array.swift */; };
		4EEFE67424F85BDA00568C0D /* AlbumViewController.swift in Sources */ = {isa = PBXBuildFile; fileRef = 4EEFE67324F85BDA00568C0D /* AlbumViewController.swift */; };
		4EEFE67624F85F7A00568C0D /* SoundyNavigationController.swift in Sources */ = {isa = PBXBuildFile; fileRef = 4EEFE67524F85F7A00568C0D /* SoundyNavigationController.swift */; };
		4EEFE67824F86B0700568C0D /* MusicPlayManager.swift in Sources */ = {isa = PBXBuildFile; fileRef = 4EEFE67724F86B0700568C0D /* MusicPlayManager.swift */; };
		4EEFE67B24F8843B00568C0D /* MiniPlayerView.xib in Resources */ = {isa = PBXBuildFile; fileRef = 4EEFE67A24F8843B00568C0D /* MiniPlayerView.xib */; };
		4EEFE67D24F884F400568C0D /* MiniPlayerView.swift in Sources */ = {isa = PBXBuildFile; fileRef = 4EEFE67C24F884F400568C0D /* MiniPlayerView.swift */; };
/* End PBXBuildFile section */

/* Begin PBXContainerItemProxy section */
		4E305ADB24F671100076C30F /* PBXContainerItemProxy */ = {
			isa = PBXContainerItemProxy;
			containerPortal = 4E305ABC24F6710F0076C30F /* Project object */;
			proxyType = 1;
			remoteGlobalIDString = 4E305AC324F6710F0076C30F;
			remoteInfo = Soundy;
		};
/* End PBXContainerItemProxy section */

/* Begin PBXFileReference section */
		4E305AC424F6710F0076C30F /* Soundy.app */ = {isa = PBXFileReference; explicitFileType = wrapper.application; includeInIndex = 0; path = Soundy.app; sourceTree = BUILT_PRODUCTS_DIR; };
		4E305AC724F6710F0076C30F /* AppDelegate.swift */ = {isa = PBXFileReference; lastKnownFileType = sourcecode.swift; path = AppDelegate.swift; sourceTree = "<group>"; };
		4E305AC924F6710F0076C30F /* SceneDelegate.swift */ = {isa = PBXFileReference; lastKnownFileType = sourcecode.swift; path = SceneDelegate.swift; sourceTree = "<group>"; };
		4E305ACB24F6710F0076C30F /* LibraryViewController.swift */ = {isa = PBXFileReference; lastKnownFileType = sourcecode.swift; path = LibraryViewController.swift; sourceTree = "<group>"; };
		4E305ACE24F6710F0076C30F /* Base */ = {isa = PBXFileReference; lastKnownFileType = file.storyboard; name = Base; path = Base.lproj/Main.storyboard; sourceTree = "<group>"; };
		4E305AD024F671100076C30F /* Assets.xcassets */ = {isa = PBXFileReference; lastKnownFileType = folder.assetcatalog; path = Assets.xcassets; sourceTree = "<group>"; };
		4E305AD324F671100076C30F /* Base */ = {isa = PBXFileReference; lastKnownFileType = file.storyboard; name = Base; path = Base.lproj/LaunchScreen.storyboard; sourceTree = "<group>"; };
		4E305AD524F671100076C30F /* Info.plist */ = {isa = PBXFileReference; lastKnownFileType = text.plist.xml; path = Info.plist; sourceTree = "<group>"; };
		4E305ADA24F671100076C30F /* SoundyTests.xctest */ = {isa = PBXFileReference; explicitFileType = wrapper.cfbundle; includeInIndex = 0; path = SoundyTests.xctest; sourceTree = BUILT_PRODUCTS_DIR; };
		4E305ADE24F671100076C30F /* SoundyTests.swift */ = {isa = PBXFileReference; lastKnownFileType = sourcecode.swift; path = SoundyTests.swift; sourceTree = "<group>"; };
		4E305AE024F671100076C30F /* Info.plist */ = {isa = PBXFileReference; lastKnownFileType = text.plist.xml; path = Info.plist; sourceTree = "<group>"; };
		4E467CD824F68C9D008706CC /* LibraryViewModel.swift */ = {isa = PBXFileReference; lastKnownFileType = sourcecode.swift; path = LibraryViewModel.swift; sourceTree = "<group>"; };
		4E467CDB24F69595008706CC /* State.swift */ = {isa = PBXFileReference; lastKnownFileType = sourcecode.swift; path = State.swift; sourceTree = "<group>"; };
		4E467CDD24F718E5008706CC /* AlbumCollectionViewCell.swift */ = {isa = PBXFileReference; lastKnownFileType = sourcecode.swift; path = AlbumCollectionViewCell.swift; sourceTree = "<group>"; };
		4E467CDF24F718F3008706CC /* AlbumCollectionViewCell.xib */ = {isa = PBXFileReference; lastKnownFileType = file.xib; path = AlbumCollectionViewCell.xib; sourceTree = "<group>"; };
		4EC06EB624F71A070003077C /* LibraryView.swift */ = {isa = PBXFileReference; lastKnownFileType = sourcecode.swift; path = LibraryView.swift; sourceTree = "<group>"; };
		4EC06EB824F71FE80003077C /* ArtistTableViewCell.swift */ = {isa = PBXFileReference; lastKnownFileType = sourcecode.swift; path = ArtistTableViewCell.swift; sourceTree = "<group>"; };
		4EC06EBB24F720060003077C /* ArtistTableViewCell.xib */ = {isa = PBXFileReference; lastKnownFileType = file.xib; path = ArtistTableViewCell.xib; sourceTree = "<group>"; };
		4EEFE67024F7CC1000568C0D /* Array.swift */ = {isa = PBXFileReference; lastKnownFileType = sourcecode.swift; path = Array.swift; sourceTree = "<group>"; };
		4EEFE67324F85BDA00568C0D /* AlbumViewController.swift */ = {isa = PBXFileReference; lastKnownFileType = sourcecode.swift; path = AlbumViewController.swift; sourceTree = "<group>"; };
		4EEFE67524F85F7A00568C0D /* SoundyNavigationController.swift */ = {isa = PBXFileReference; lastKnownFileType = sourcecode.swift; path = SoundyNavigationController.swift; sourceTree = "<group>"; };
		4EEFE67724F86B0700568C0D /* MusicPlayManager.swift */ = {isa = PBXFileReference; lastKnownFileType = sourcecode.swift; path = MusicPlayManager.swift; sourceTree = "<group>"; };
		4EEFE67A24F8843B00568C0D /* MiniPlayerView.xib */ = {isa = PBXFileReference; lastKnownFileType = file.xib; path = MiniPlayerView.xib; sourceTree = "<group>"; };
		4EEFE67C24F884F400568C0D /* MiniPlayerView.swift */ = {isa = PBXFileReference; lastKnownFileType = sourcecode.swift; path = MiniPlayerView.swift; sourceTree = "<group>"; };
/* End PBXFileReference section */

/* Begin PBXFrameworksBuildPhase section */
		4E305AC124F6710F0076C30F /* Frameworks */ = {
			isa = PBXFrameworksBuildPhase;
			buildActionMask = 2147483647;
			files = (
			);
			runOnlyForDeploymentPostprocessing = 0;
		};
		4E305AD724F671100076C30F /* Frameworks */ = {
			isa = PBXFrameworksBuildPhase;
			buildActionMask = 2147483647;
			files = (
			);
			runOnlyForDeploymentPostprocessing = 0;
		};
/* End PBXFrameworksBuildPhase section */

/* Begin PBXGroup section */
		4E305ABB24F6710F0076C30F = {
			isa = PBXGroup;
			children = (
				4E305AC624F6710F0076C30F /* Soundy */,
				4E305ADD24F671100076C30F /* SoundyTests */,
				4E305AC524F6710F0076C30F /* Products */,
			);
			sourceTree = "<group>";
		};
		4E305AC524F6710F0076C30F /* Products */ = {
			isa = PBXGroup;
			children = (
				4E305AC424F6710F0076C30F /* Soundy.app */,
				4E305ADA24F671100076C30F /* SoundyTests.xctest */,
			);
			name = Products;
			sourceTree = "<group>";
		};
		4E305AC624F6710F0076C30F /* Soundy */ = {
			isa = PBXGroup;
			children = (
				4EEFE66F24F7CC0300568C0D /* Extension */,
				4E467CDA24F6955A008706CC /* Utils */,
				4EEFE67224F85BB800568C0D /* Album */,
				4E467CD724F68BE6008706CC /* Library */,
				4EEFE67924F8841E00568C0D /* BottomMiniPlayer */,
				4E305AC724F6710F0076C30F /* AppDelegate.swift */,
				4E305AC924F6710F0076C30F /* SceneDelegate.swift */,
				4E305ACD24F6710F0076C30F /* Main.storyboard */,
				4EEFE67524F85F7A00568C0D /* SoundyNavigationController.swift */,
				4EEFE67724F86B0700568C0D /* MusicPlayManager.swift */,
				4E305AD024F671100076C30F /* Assets.xcassets */,
				4E305AD224F671100076C30F /* LaunchScreen.storyboard */,
				4E305AD524F671100076C30F /* Info.plist */,
			);
			path = Soundy;
			sourceTree = "<group>";
		};
		4E305ADD24F671100076C30F /* SoundyTests */ = {
			isa = PBXGroup;
			children = (
				4E305ADE24F671100076C30F /* SoundyTests.swift */,
				4E305AE024F671100076C30F /* Info.plist */,
			);
			path = SoundyTests;
			sourceTree = "<group>";
		};
		4E467CD724F68BE6008706CC /* Library */ = {
			isa = PBXGroup;
			children = (
				4EC06EBA24F71FEC0003077C /* View */,
				4E305ACB24F6710F0076C30F /* LibraryViewController.swift */,
				4E467CD824F68C9D008706CC /* LibraryViewModel.swift */,
			);
			path = Library;
			sourceTree = "<group>";
		};
		4E467CDA24F6955A008706CC /* Utils */ = {
			isa = PBXGroup;
			children = (
				4E467CDB24F69595008706CC /* State.swift */,
			);
			path = Utils;
			sourceTree = "<group>";
		};
		4EC06EBA24F71FEC0003077C /* View */ = {
			isa = PBXGroup;
			children = (
				4EC06EB624F71A070003077C /* LibraryView.swift */,
				4EC06EB824F71FE80003077C /* ArtistTableViewCell.swift */,
				4EC06EBB24F720060003077C /* ArtistTableViewCell.xib */,
				4E467CDD24F718E5008706CC /* AlbumCollectionViewCell.swift */,
				4E467CDF24F718F3008706CC /* AlbumCollectionViewCell.xib */,
			);
			path = View;
			sourceTree = "<group>";
		};
		4EEFE66F24F7CC0300568C0D /* Extension */ = {
			isa = PBXGroup;
			children = (
				4EEFE67024F7CC1000568C0D /* Array.swift */,
			);
			path = Extension;
			sourceTree = "<group>";
		};
		4EEFE67224F85BB800568C0D /* Album */ = {
			isa = PBXGroup;
			children = (
				4EEFE67324F85BDA00568C0D /* AlbumViewController.swift */,
			);
			path = Album;
			sourceTree = "<group>";
		};
		4EEFE67924F8841E00568C0D /* BottomMiniPlayer */ = {
			isa = PBXGroup;
			children = (
				4EEFE67A24F8843B00568C0D /* MiniPlayerView.xib */,
				4EEFE67C24F884F400568C0D /* MiniPlayerView.swift */,
			);
			path = BottomMiniPlayer;
			sourceTree = "<group>";
		};
/* End PBXGroup section */

/* Begin PBXNativeTarget section */
		4E305AC324F6710F0076C30F /* Soundy */ = {
			isa = PBXNativeTarget;
			buildConfigurationList = 4E305AE324F671100076C30F /* Build configuration list for PBXNativeTarget "Soundy" */;
			buildPhases = (
				4E305AC024F6710F0076C30F /* Sources */,
				4E305AC124F6710F0076C30F /* Frameworks */,
				4E305AC224F6710F0076C30F /* Resources */,
			);
			buildRules = (
			);
			dependencies = (
			);
			name = Soundy;
			productName = Soundy;
			productReference = 4E305AC424F6710F0076C30F /* Soundy.app */;
			productType = "com.apple.product-type.application";
		};
		4E305AD924F671100076C30F /* SoundyTests */ = {
			isa = PBXNativeTarget;
			buildConfigurationList = 4E305AE624F671100076C30F /* Build configuration list for PBXNativeTarget "SoundyTests" */;
			buildPhases = (
				4E305AD624F671100076C30F /* Sources */,
				4E305AD724F671100076C30F /* Frameworks */,
				4E305AD824F671100076C30F /* Resources */,
			);
			buildRules = (
			);
			dependencies = (
				4E305ADC24F671100076C30F /* PBXTargetDependency */,
			);
			name = SoundyTests;
			productName = SoundyTests;
			productReference = 4E305ADA24F671100076C30F /* SoundyTests.xctest */;
			productType = "com.apple.product-type.bundle.unit-test";
		};
/* End PBXNativeTarget section */

/* Begin PBXProject section */
		4E305ABC24F6710F0076C30F /* Project object */ = {
			isa = PBXProject;
			attributes = {
				LastSwiftUpdateCheck = 1160;
				LastUpgradeCheck = 1160;
				ORGANIZATIONNAME = "okmin lee";
				TargetAttributes = {
					4E305AC324F6710F0076C30F = {
						CreatedOnToolsVersion = 11.6;
					};
					4E305AD924F671100076C30F = {
						CreatedOnToolsVersion = 11.6;
						TestTargetID = 4E305AC324F6710F0076C30F;
					};
				};
			};
			buildConfigurationList = 4E305ABF24F6710F0076C30F /* Build configuration list for PBXProject "Soundy" */;
			compatibilityVersion = "Xcode 9.3";
			developmentRegion = en;
			hasScannedForEncodings = 0;
			knownRegions = (
				en,
				Base,
			);
			mainGroup = 4E305ABB24F6710F0076C30F;
			productRefGroup = 4E305AC524F6710F0076C30F /* Products */;
			projectDirPath = "";
			projectRoot = "";
			targets = (
				4E305AC324F6710F0076C30F /* Soundy */,
				4E305AD924F671100076C30F /* SoundyTests */,
			);
		};
/* End PBXProject section */

/* Begin PBXResourcesBuildPhase section */
		4E305AC224F6710F0076C30F /* Resources */ = {
			isa = PBXResourcesBuildPhase;
			buildActionMask = 2147483647;
			files = (
				4EEFE67B24F8843B00568C0D /* MiniPlayerView.xib in Resources */,
				4EC06EBC24F720060003077C /* ArtistTableViewCell.xib in Resources */,
				4E305AD424F671100076C30F /* LaunchScreen.storyboard in Resources */,
				4E305AD124F671100076C30F /* Assets.xcassets in Resources */,
				4E305ACF24F6710F0076C30F /* Main.storyboard in Resources */,
				4E467CE024F718F3008706CC /* AlbumCollectionViewCell.xib in Resources */,
			);
			runOnlyForDeploymentPostprocessing = 0;
		};
		4E305AD824F671100076C30F /* Resources */ = {
			isa = PBXResourcesBuildPhase;
			buildActionMask = 2147483647;
			files = (
			);
			runOnlyForDeploymentPostprocessing = 0;
		};
/* End PBXResourcesBuildPhase section */

/* Begin PBXSourcesBuildPhase section */
		4E305AC024F6710F0076C30F /* Sources */ = {
			isa = PBXSourcesBuildPhase;
			buildActionMask = 2147483647;
			files = (
				4EC06EB724F71A070003077C /* LibraryView.swift in Sources */,
				4EEFE67124F7CC1000568C0D /* Array.swift in Sources */,
				4E305ACC24F6710F0076C30F /* LibraryViewController.swift in Sources */,
				4E305AC824F6710F0076C30F /* AppDelegate.swift in Sources */,
				4EEFE67D24F884F400568C0D /* MiniPlayerView.swift in Sources */,
				4EEFE67624F85F7A00568C0D /* SoundyNavigationController.swift in Sources */,
				4E467CD924F68C9D008706CC /* LibraryViewModel.swift in Sources */,
				4E467CDC24F69595008706CC /* State.swift in Sources */,
				4EEFE67824F86B0700568C0D /* MusicPlayManager.swift in Sources */,
				4EEFE67424F85BDA00568C0D /* AlbumViewController.swift in Sources */,
				4E305ACA24F6710F0076C30F /* SceneDelegate.swift in Sources */,
				4EC06EB924F71FE80003077C /* ArtistTableViewCell.swift in Sources */,
				4E467CDE24F718E5008706CC /* AlbumCollectionViewCell.swift in Sources */,
			);
			runOnlyForDeploymentPostprocessing = 0;
		};
		4E305AD624F671100076C30F /* Sources */ = {
			isa = PBXSourcesBuildPhase;
			buildActionMask = 2147483647;
			files = (
				4E305ADF24F671100076C30F /* SoundyTests.swift in Sources */,
			);
			runOnlyForDeploymentPostprocessing = 0;
		};
/* End PBXSourcesBuildPhase section */

/* Begin PBXTargetDependency section */
		4E305ADC24F671100076C30F /* PBXTargetDependency */ = {
			isa = PBXTargetDependency;
			target = 4E305AC324F6710F0076C30F /* Soundy */;
			targetProxy = 4E305ADB24F671100076C30F /* PBXContainerItemProxy */;
		};
/* End PBXTargetDependency section */

/* Begin PBXVariantGroup section */
		4E305ACD24F6710F0076C30F /* Main.storyboard */ = {
			isa = PBXVariantGroup;
			children = (
				4E305ACE24F6710F0076C30F /* Base */,
			);
			name = Main.storyboard;
			sourceTree = "<group>";
		};
		4E305AD224F671100076C30F /* LaunchScreen.storyboard */ = {
			isa = PBXVariantGroup;
			children = (
				4E305AD324F671100076C30F /* Base */,
			);
			name = LaunchScreen.storyboard;
			sourceTree = "<group>";
		};
/* End PBXVariantGroup section */

/* Begin XCBuildConfiguration section */
		4E305AE124F671100076C30F /* Debug */ = {
			isa = XCBuildConfiguration;
			buildSettings = {
				ALWAYS_SEARCH_USER_PATHS = NO;
				CLANG_ANALYZER_NONNULL = YES;
				CLANG_ANALYZER_NUMBER_OBJECT_CONVERSION = YES_AGGRESSIVE;
				CLANG_CXX_LANGUAGE_STANDARD = "gnu++14";
				CLANG_CXX_LIBRARY = "libc++";
				CLANG_ENABLE_MODULES = YES;
				CLANG_ENABLE_OBJC_ARC = YES;
				CLANG_ENABLE_OBJC_WEAK = YES;
				CLANG_WARN_BLOCK_CAPTURE_AUTORELEASING = YES;
				CLANG_WARN_BOOL_CONVERSION = YES;
				CLANG_WARN_COMMA = YES;
				CLANG_WARN_CONSTANT_CONVERSION = YES;
				CLANG_WARN_DEPRECATED_OBJC_IMPLEMENTATIONS = YES;
				CLANG_WARN_DIRECT_OBJC_ISA_USAGE = YES_ERROR;
				CLANG_WARN_DOCUMENTATION_COMMENTS = YES;
				CLANG_WARN_EMPTY_BODY = YES;
				CLANG_WARN_ENUM_CONVERSION = YES;
				CLANG_WARN_INFINITE_RECURSION = YES;
				CLANG_WARN_INT_CONVERSION = YES;
				CLANG_WARN_NON_LITERAL_NULL_CONVERSION = YES;
				CLANG_WARN_OBJC_IMPLICIT_RETAIN_SELF = YES;
				CLANG_WARN_OBJC_LITERAL_CONVERSION = YES;
				CLANG_WARN_OBJC_ROOT_CLASS = YES_ERROR;
				CLANG_WARN_RANGE_LOOP_ANALYSIS = YES;
				CLANG_WARN_STRICT_PROTOTYPES = YES;
				CLANG_WARN_SUSPICIOUS_MOVE = YES;
				CLANG_WARN_UNGUARDED_AVAILABILITY = YES_AGGRESSIVE;
				CLANG_WARN_UNREACHABLE_CODE = YES;
				CLANG_WARN__DUPLICATE_METHOD_MATCH = YES;
				COPY_PHASE_STRIP = NO;
				DEBUG_INFORMATION_FORMAT = dwarf;
				ENABLE_STRICT_OBJC_MSGSEND = YES;
				ENABLE_TESTABILITY = YES;
				GCC_C_LANGUAGE_STANDARD = gnu11;
				GCC_DYNAMIC_NO_PIC = NO;
				GCC_NO_COMMON_BLOCKS = YES;
				GCC_OPTIMIZATION_LEVEL = 0;
				GCC_PREPROCESSOR_DEFINITIONS = (
					"DEBUG=1",
					"$(inherited)",
				);
				GCC_WARN_64_TO_32_BIT_CONVERSION = YES;
				GCC_WARN_ABOUT_RETURN_TYPE = YES_ERROR;
				GCC_WARN_UNDECLARED_SELECTOR = YES;
				GCC_WARN_UNINITIALIZED_AUTOS = YES_AGGRESSIVE;
				GCC_WARN_UNUSED_FUNCTION = YES;
				GCC_WARN_UNUSED_VARIABLE = YES;
				IPHONEOS_DEPLOYMENT_TARGET = 13.6;
				MTL_ENABLE_DEBUG_INFO = INCLUDE_SOURCE;
				MTL_FAST_MATH = YES;
				ONLY_ACTIVE_ARCH = YES;
				SDKROOT = iphoneos;
				SWIFT_ACTIVE_COMPILATION_CONDITIONS = DEBUG;
				SWIFT_OPTIMIZATION_LEVEL = "-Onone";
			};
			name = Debug;
		};
		4E305AE224F671100076C30F /* Release */ = {
			isa = XCBuildConfiguration;
			buildSettings = {
				ALWAYS_SEARCH_USER_PATHS = NO;
				CLANG_ANALYZER_NONNULL = YES;
				CLANG_ANALYZER_NUMBER_OBJECT_CONVERSION = YES_AGGRESSIVE;
				CLANG_CXX_LANGUAGE_STANDARD = "gnu++14";
				CLANG_CXX_LIBRARY = "libc++";
				CLANG_ENABLE_MODULES = YES;
				CLANG_ENABLE_OBJC_ARC = YES;
				CLANG_ENABLE_OBJC_WEAK = YES;
				CLANG_WARN_BLOCK_CAPTURE_AUTORELEASING = YES;
				CLANG_WARN_BOOL_CONVERSION = YES;
				CLANG_WARN_COMMA = YES;
				CLANG_WARN_CONSTANT_CONVERSION = YES;
				CLANG_WARN_DEPRECATED_OBJC_IMPLEMENTATIONS = YES;
				CLANG_WARN_DIRECT_OBJC_ISA_USAGE = YES_ERROR;
				CLANG_WARN_DOCUMENTATION_COMMENTS = YES;
				CLANG_WARN_EMPTY_BODY = YES;
				CLANG_WARN_ENUM_CONVERSION = YES;
				CLANG_WARN_INFINITE_RECURSION = YES;
				CLANG_WARN_INT_CONVERSION = YES;
				CLANG_WARN_NON_LITERAL_NULL_CONVERSION = YES;
				CLANG_WARN_OBJC_IMPLICIT_RETAIN_SELF = YES;
				CLANG_WARN_OBJC_LITERAL_CONVERSION = YES;
				CLANG_WARN_OBJC_ROOT_CLASS = YES_ERROR;
				CLANG_WARN_RANGE_LOOP_ANALYSIS = YES;
				CLANG_WARN_STRICT_PROTOTYPES = YES;
				CLANG_WARN_SUSPICIOUS_MOVE = YES;
				CLANG_WARN_UNGUARDED_AVAILABILITY = YES_AGGRESSIVE;
				CLANG_WARN_UNREACHABLE_CODE = YES;
				CLANG_WARN__DUPLICATE_METHOD_MATCH = YES;
				COPY_PHASE_STRIP = NO;
				DEBUG_INFORMATION_FORMAT = "dwarf-with-dsym";
				ENABLE_NS_ASSERTIONS = NO;
				ENABLE_STRICT_OBJC_MSGSEND = YES;
				GCC_C_LANGUAGE_STANDARD = gnu11;
				GCC_NO_COMMON_BLOCKS = YES;
				GCC_WARN_64_TO_32_BIT_CONVERSION = YES;
				GCC_WARN_ABOUT_RETURN_TYPE = YES_ERROR;
				GCC_WARN_UNDECLARED_SELECTOR = YES;
				GCC_WARN_UNINITIALIZED_AUTOS = YES_AGGRESSIVE;
				GCC_WARN_UNUSED_FUNCTION = YES;
				GCC_WARN_UNUSED_VARIABLE = YES;
				IPHONEOS_DEPLOYMENT_TARGET = 13.6;
				MTL_ENABLE_DEBUG_INFO = NO;
				MTL_FAST_MATH = YES;
				SDKROOT = iphoneos;
				SWIFT_COMPILATION_MODE = wholemodule;
				SWIFT_OPTIMIZATION_LEVEL = "-O";
				VALIDATE_PRODUCT = YES;
			};
			name = Release;
		};
		4E305AE424F671100076C30F /* Debug */ = {
			isa = XCBuildConfiguration;
			buildSettings = {
				ASSETCATALOG_COMPILER_APPICON_NAME = AppIcon;
				CODE_SIGN_STYLE = Automatic;
				DEVELOPMENT_TEAM = U78ARP9FGA;
				INFOPLIST_FILE = Soundy/Info.plist;
				LD_RUNPATH_SEARCH_PATHS = (
					"$(inherited)",
					"@executable_path/Frameworks",
				);
				PRODUCT_BUNDLE_IDENTIFIER = wisdom.peridot.Soundy;
				PRODUCT_NAME = "$(TARGET_NAME)";
				SWIFT_VERSION = 5.0;
				TARGETED_DEVICE_FAMILY = "1,2";
			};
			name = Debug;
		};
		4E305AE524F671100076C30F /* Release */ = {
			isa = XCBuildConfiguration;
			buildSettings = {
				ASSETCATALOG_COMPILER_APPICON_NAME = AppIcon;
				CODE_SIGN_STYLE = Automatic;
				DEVELOPMENT_TEAM = U78ARP9FGA;
				INFOPLIST_FILE = Soundy/Info.plist;
				LD_RUNPATH_SEARCH_PATHS = (
					"$(inherited)",
					"@executable_path/Frameworks",
				);
				PRODUCT_BUNDLE_IDENTIFIER = wisdom.peridot.Soundy;
				PRODUCT_NAME = "$(TARGET_NAME)";
				SWIFT_VERSION = 5.0;
				TARGETED_DEVICE_FAMILY = "1,2";
			};
			name = Release;
		};
		4E305AE724F671100076C30F /* Debug */ = {
			isa = XCBuildConfiguration;
			buildSettings = {
				ALWAYS_EMBED_SWIFT_STANDARD_LIBRARIES = YES;
				BUNDLE_LOADER = "$(TEST_HOST)";
				CODE_SIGN_STYLE = Automatic;
				DEVELOPMENT_TEAM = U78ARP9FGA;
				INFOPLIST_FILE = SoundyTests/Info.plist;
				IPHONEOS_DEPLOYMENT_TARGET = 13.6;
				LD_RUNPATH_SEARCH_PATHS = (
					"$(inherited)",
					"@executable_path/Frameworks",
					"@loader_path/Frameworks",
				);
				PRODUCT_BUNDLE_IDENTIFIER = wisdom.peridot.SoundyTests;
				PRODUCT_NAME = "$(TARGET_NAME)";
				SWIFT_VERSION = 5.0;
				TARGETED_DEVICE_FAMILY = "1,2";
				TEST_HOST = "$(BUILT_PRODUCTS_DIR)/Soundy.app/Soundy";
			};
			name = Debug;
		};
		4E305AE824F671100076C30F /* Release */ = {
			isa = XCBuildConfiguration;
			buildSettings = {
				ALWAYS_EMBED_SWIFT_STANDARD_LIBRARIES = YES;
				BUNDLE_LOADER = "$(TEST_HOST)";
				CODE_SIGN_STYLE = Automatic;
				DEVELOPMENT_TEAM = U78ARP9FGA;
				INFOPLIST_FILE = SoundyTests/Info.plist;
				IPHONEOS_DEPLOYMENT_TARGET = 13.6;
				LD_RUNPATH_SEARCH_PATHS = (
					"$(inherited)",
					"@executable_path/Frameworks",
					"@loader_path/Frameworks",
				);
				PRODUCT_BUNDLE_IDENTIFIER = wisdom.peridot.SoundyTests;
				PRODUCT_NAME = "$(TARGET_NAME)";
				SWIFT_VERSION = 5.0;
				TARGETED_DEVICE_FAMILY = "1,2";
				TEST_HOST = "$(BUILT_PRODUCTS_DIR)/Soundy.app/Soundy";
			};
			name = Release;
		};
/* End XCBuildConfiguration section */

/* Begin XCConfigurationList section */
		4E305ABF24F6710F0076C30F /* Build configuration list for PBXProject "Soundy" */ = {
			isa = XCConfigurationList;
			buildConfigurations = (
				4E305AE124F671100076C30F /* Debug */,
				4E305AE224F671100076C30F /* Release */,
			);
			defaultConfigurationIsVisible = 0;
			defaultConfigurationName = Release;
		};
		4E305AE324F671100076C30F /* Build configuration list for PBXNativeTarget "Soundy" */ = {
			isa = XCConfigurationList;
			buildConfigurations = (
				4E305AE424F671100076C30F /* Debug */,
				4E305AE524F671100076C30F /* Release */,
			);
			defaultConfigurationIsVisible = 0;
			defaultConfigurationName = Release;
		};
		4E305AE624F671100076C30F /* Build configuration list for PBXNativeTarget "SoundyTests" */ = {
			isa = XCConfigurationList;
			buildConfigurations = (
				4E305AE724F671100076C30F /* Debug */,
				4E305AE824F671100076C30F /* Release */,
			);
			defaultConfigurationIsVisible = 0;
			defaultConfigurationName = Release;
		};
/* End XCConfigurationList section */
	};
	rootObject = 4E305ABC24F6710F0076C30F /* Project object */;
}
